{
  "name": "@edgefront/pouchdb-helper",
  "version": "0.0.1",
  "lockfileVersion": 1,
  "requires": true,
  "dependencies": {
    "argsarray": {
      "version": "0.0.1",
      "resolved": "https://registry.npm.taobao.org/argsarray/download/argsarray-0.0.1.tgz",
      "integrity": "sha1-bnIHtOzbObCviDA/pa4ivajfYcs="
    },
    "buffer-from": {
      "version": "1.1.1",
      "resolved": "https://registry.npm.taobao.org/buffer-from/download/buffer-from-1.1.1.tgz",
      "integrity": "sha1-MnE7wCj3XAL9txDXx7zsHyxgcO8="
    },
    "clone-buffer": {
      "version": "1.0.0",
      "resolved": "https://registry.npm.taobao.org/clone-buffer/download/clone-buffer-1.0.0.tgz",
      "integrity": "sha1-4+JbIHrE5wGvch4staFnksrD3Fg="
    },
    "immediate": {
      "version": "3.3.0",
      "resolved": "https://registry.npm.taobao.org/immediate/download/immediate-3.3.0.tgz",
      "integrity": "sha1-Gu8iVReDa8338qLeJgDHn/AmkmY="
    },
    "inherits": {
      "version": "2.0.4",
      "resolved": "https://registry.npm.taobao.org/inherits/download/inherits-2.0.4.tgz",
      "integrity": "sha1-D6LGT5MpF8NDOg3tVTY6rjdBa3w="
    },
    "pouchdb-binary-utils": {
      "version": "7.2.2",
      "resolved": "https://registry.npm.taobao.org/pouchdb-binary-utils/download/pouchdb-binary-utils-7.2.2.tgz",
      "integrity": "sha1-BpCzSAUsVDseZ/Ay9HCSyoK8sQ4=",
      "requires": {
        "buffer-from": "1.1.1"
      }
    },
    "pouchdb-collections": {
      "version": "7.2.2",
      "resolved": "https://registry.npm.taobao.org/pouchdb-collections/download/pouchdb-collections-7.2.2.tgz",
      "integrity": "sha1-ru138zMiQp4/WdWeojO0j/DmhXI="
    },
    "pouchdb-errors": {
      "version": "7.2.2",
      "resolved": "https://registry.npm.taobao.org/pouchdb-errors/download/pouchdb-errors-7.2.2.tgz",
      "integrity": "sha1-gNgR1lx2bJ0gt1XG5swSP4w8R5I=",
      "requires": {
        "inherits": "2.0.4"
      }
    },
    "pouchdb-md5": {
      "version": "7.2.2",
      "resolved": "https://registry.npm.taobao.org/pouchdb-md5/download/pouchdb-md5-7.2.2.tgz",
      "integrity": "sha1-QVQBrMWoRBEtdlvR+05dnzj7CDg=",
      "requires": {
        "pouchdb-binary-utils": "7.2.2",
        "spark-md5": "3.0.1"
      }
    },
    "pouchdb-utils": {
      "version": "7.2.2",
      "resolved": "https://registry.npm.taobao.org/pouchdb-utils/download/pouchdb-utils-7.2.2.tgz",
      "integrity": "sha1-wXxHiPHQUrDa9O+Hl7vEqqOUWqQ=",
      "requires": {
        "argsarray": "0.0.1",
        "clone-buffer": "1.0.0",
        "immediate": "3.3.0",
        "inherits": "2.0.4",
        "pouchdb-collections": "7.2.2",
        "pouchdb-errors": "7.2.2",
        "pouchdb-md5": "7.2.2",
        "uuid": "8.1.0"
      }
    },
    "spark-md5": {
      "version": "3.0.1",
      "resolved": "https://registry.npm.taobao.org/spark-md5/download/spark-md5-3.0.1.tgz",
      "integrity": "sha1-g6DiVXNPKrTlxGblos/JuiqiEk0="
    },
    "uuid": {
      "version": "8.1.0",
      "resolved": "https://registry.nlark.com/uuid/download/uuid-8.1.0.tgz",
      "integrity": "sha1-bxU260Mkn0c6vGvVj/mD2hyjDY0="
    }
  }
}
